// !$*UTF8*$!
{
	archiveVersion = 1;
	classes = {
	};
	objectVersion = 46;
	objects = {

/* Begin PBXBuildFile section */
		5F1243901D3C827800477E00 /* 卧龙海2.jpeg in Resources */ = {isa = PBXBuildFile; fileRef = 5F12438D1D3C827800477E00 /* 卧龙海2.jpeg */; };
		5F1243911D3C827800477E00 /* 卧龙海3.jpeg in Resources */ = {isa = PBXBuildFile; fileRef = 5F12438E1D3C827800477E00 /* 卧龙海3.jpeg */; };
		5F1243921D3C827800477E00 /* 卧龙海4.jpeg in Resources */ = {isa = PBXBuildFile; fileRef = 5F12438F1D3C827800477E00 /* 卧龙海4.jpeg */; };
		5F1243961D3C850B00477E00 /* 箭竹海2.jpeg in Resources */ = {isa = PBXBuildFile; fileRef = 5F1243931D3C850B00477E00 /* 箭竹海2.jpeg */; };
		5F1243971D3C850B00477E00 /* 箭竹海3.jpeg in Resources */ = {isa = PBXBuildFile; fileRef = 5F1243941D3C850B00477E00 /* 箭竹海3.jpeg */; };
		5F1243981D3C850B00477E00 /* 箭竹海4.jpeg in Resources */ = {isa = PBXBuildFile; fileRef = 5F1243951D3C850B00477E00 /* 箭竹海4.jpeg */; };
		5F12439B1D3C857900477E00 /* 芦苇海2.jpeg in Resources */ = {isa = PBXBuildFile; fileRef = 5F1243991D3C857900477E00 /* 芦苇海2.jpeg */; };
		5F12439C1D3C857900477E00 /* 芦苇海3.jpeg in Resources */ = {isa = PBXBuildFile; fileRef = 5F12439A1D3C857900477E00 /* 芦苇海3.jpeg */; };
		5F1243A01D3C860200477E00 /* 双龙海2.jpeg in Resources */ = {isa = PBXBuildFile; fileRef = 5F12439D1D3C860200477E00 /* 双龙海2.jpeg */; };
		5F1243A11D3C860200477E00 /* 双龙海3.jpeg in Resources */ = {isa = PBXBuildFile; fileRef = 5F12439E1D3C860200477E00 /* 双龙海3.jpeg */; };
		5F1243A21D3C860200477E00 /* 双龙海4.jpeg in Resources */ = {isa = PBXBuildFile; fileRef = 5F12439F1D3C860200477E00 /* 双龙海4.jpeg */; };
		5F1C55491D37276D00B08D4D /* MapViewController.mm in Sources */ = {isa = PBXBuildFile; fileRef = 5F1C55481D37276D00B08D4D /* MapViewController.mm */; };
		5F1C554F1D37339F00B08D4D /* DetailViewController.m in Sources */ = {isa = PBXBuildFile; fileRef = 5F1C554E1D37339F00B08D4D /* DetailViewController.m */; };
		5F5030F21D3B4D7200ACE15D /* PcmPlayer.m in Sources */ = {isa = PBXBuildFile; fileRef = 5F5030ED1D3B4D7200ACE15D /* PcmPlayer.m */; };
		5F5030F31D3B4D7200ACE15D /* PopupView.m in Sources */ = {isa = PBXBuildFile; fileRef = 5F5030F01D3B4D7200ACE15D /* PopupView.m */; };
		5F5030F91D3B4E9000ACE15D /* AlertView.m in Sources */ = {isa = PBXBuildFile; fileRef = 5F5030F81D3B4E9000ACE15D /* AlertView.m */; };
		5F6AE6B41D37582E00B9BAC1 /* 卧龙海.jpeg in Resources */ = {isa = PBXBuildFile; fileRef = 5F6AE6B31D37582E00B9BAC1 /* 卧龙海.jpeg */; };
		5F6AE6B61D37583700B9BAC1 /* 箭竹海.jpg in Resources */ = {isa = PBXBuildFile; fileRef = 5F6AE6B51D37583700B9BAC1 /* 箭竹海.jpg */; };
		5F6AE6B81D37583D00B9BAC1 /* 双龙海.jpg in Resources */ = {isa = PBXBuildFile; fileRef = 5F6AE6B71D37583D00B9BAC1 /* 双龙海.jpg */; };
		5F6AE6BA1D37584500B9BAC1 /* 芦苇海.jpg in Resources */ = {isa = PBXBuildFile; fileRef = 5F6AE6B91D37584500B9BAC1 /* 芦苇海.jpg */; };
		5FC174621D39DDB400365D25 /* TAAbstractDotView.m in Sources */ = {isa = PBXBuildFile; fileRef = 5FC174551D39DDB400365D25 /* TAAbstractDotView.m */; };
		5FC174631D39DDB400365D25 /* TAAnimatedDotView.m in Sources */ = {isa = PBXBuildFile; fileRef = 5FC174571D39DDB400365D25 /* TAAnimatedDotView.m */; };
		5FC174641D39DDB400365D25 /* TADotView.m in Sources */ = {isa = PBXBuildFile; fileRef = 5FC174591D39DDB400365D25 /* TADotView.m */; };
		5FC174651D39DDB400365D25 /* TAPageControl.m in Sources */ = {isa = PBXBuildFile; fileRef = 5FC1745B1D39DDB400365D25 /* TAPageControl.m */; };
		5FC174661D39DDB400365D25 /* SDCollectionViewCell.m in Sources */ = {isa = PBXBuildFile; fileRef = 5FC1745D1D39DDB400365D25 /* SDCollectionViewCell.m */; };
		5FC174681D39DDB400365D25 /* UIView+SDExtension.m in Sources */ = {isa = PBXBuildFile; fileRef = 5FC174611D39DDB400365D25 /* UIView+SDExtension.m */; };
		5FC174721D39DEB100365D25 /* 005.jpg in Resources */ = {isa = PBXBuildFile; fileRef = 5FC174691D39DEB100365D25 /* 005.jpg */; };
		5FC174731D39DEB100365D25 /* h2.jpg in Resources */ = {isa = PBXBuildFile; fileRef = 5FC1746A1D39DEB100365D25 /* h2.jpg */; };
		5FC174741D39DEB100365D25 /* h3.jpg in Resources */ = {isa = PBXBuildFile; fileRef = 5FC1746B1D39DEB100365D25 /* h3.jpg */; };
		5FC174751D39DEB100365D25 /* h4.jpg in Resources */ = {isa = PBXBuildFile; fileRef = 5FC1746C1D39DEB100365D25 /* h4.jpg */; };
		5FC174761D39DEB100365D25 /* pageControlCurrentDot@2x.png in Resources */ = {isa = PBXBuildFile; fileRef = 5FC1746D1D39DEB100365D25 /* pageControlCurrentDot@2x.png */; };
		5FC174771D39DEB100365D25 /* pageControlCurrentDot@3x.png in Resources */ = {isa = PBXBuildFile; fileRef = 5FC1746E1D39DEB100365D25 /* pageControlCurrentDot@3x.png */; };
		5FC174781D39DEB100365D25 /* pageControlDot@2x.png in Resources */ = {isa = PBXBuildFile; fileRef = 5FC1746F1D39DEB100365D25 /* pageControlDot@2x.png */; };
		5FC174791D39DEB100365D25 /* pageControlDot@3x.png in Resources */ = {isa = PBXBuildFile; fileRef = 5FC174701D39DEB100365D25 /* pageControlDot@3x.png */; };
		5FC1747A1D39DEB100365D25 /* placeholder@2x.png in Resources */ = {isa = PBXBuildFile; fileRef = 5FC174711D39DEB100365D25 /* placeholder@2x.png */; };
		5FC1747C1D39DEBA00365D25 /* h1.jpg in Resources */ = {isa = PBXBuildFile; fileRef = 5FC1747B1D39DEBA00365D25 /* h1.jpg */; };
		5FC1749F1D39DF0100365D25 /* MKAnnotationView+WebCache.m in Sources */ = {isa = PBXBuildFile; fileRef = 5FC1747F1D39DF0100365D25 /* MKAnnotationView+WebCache.m */; };
		5FC174A01D39DF0100365D25 /* NSData+ImageContentType.m in Sources */ = {isa = PBXBuildFile; fileRef = 5FC174811D39DF0100365D25 /* NSData+ImageContentType.m */; };
		5FC174A11D39DF0100365D25 /* SDImageCache.m in Sources */ = {isa = PBXBuildFile; fileRef = 5FC174831D39DF0100365D25 /* SDImageCache.m */; };
		5FC174A21D39DF0100365D25 /* SDWebImageCompat.m in Sources */ = {isa = PBXBuildFile; fileRef = 5FC174851D39DF0100365D25 /* SDWebImageCompat.m */; };
		5FC174A31D39DF0100365D25 /* SDWebImageDecoder.m in Sources */ = {isa = PBXBuildFile; fileRef = 5FC174871D39DF0100365D25 /* SDWebImageDecoder.m */; };
		5FC174A41D39DF0100365D25 /* SDWebImageDownloader.m in Sources */ = {isa = PBXBuildFile; fileRef = 5FC174891D39DF0100365D25 /* SDWebImageDownloader.m */; };
		5FC174A51D39DF0100365D25 /* SDWebImageDownloaderOperation.m in Sources */ = {isa = PBXBuildFile; fileRef = 5FC1748B1D39DF0100365D25 /* SDWebImageDownloaderOperation.m */; };
		5FC174A61D39DF0100365D25 /* SDWebImageManager.m in Sources */ = {isa = PBXBuildFile; fileRef = 5FC1748D1D39DF0100365D25 /* SDWebImageManager.m */; };
		5FC174A71D39DF0100365D25 /* SDWebImagePrefetcher.m in Sources */ = {isa = PBXBuildFile; fileRef = 5FC174901D39DF0100365D25 /* SDWebImagePrefetcher.m */; };
		5FC174A81D39DF0100365D25 /* UIButton+WebCache.m in Sources */ = {isa = PBXBuildFile; fileRef = 5FC174921D39DF0100365D25 /* UIButton+WebCache.m */; };
		5FC174A91D39DF0100365D25 /* UIImage+GIF.m in Sources */ = {isa = PBXBuildFile; fileRef = 5FC174941D39DF0100365D25 /* UIImage+GIF.m */; };
		5FC174AA1D39DF0100365D25 /* UIImage+MultiFormat.m in Sources */ = {isa = PBXBuildFile; fileRef = 5FC174961D39DF0100365D25 /* UIImage+MultiFormat.m */; };
		5FC174AB1D39DF0100365D25 /* UIImage+WebP.m in Sources */ = {isa = PBXBuildFile; fileRef = 5FC174981D39DF0100365D25 /* UIImage+WebP.m */; };
		5FC174AC1D39DF0100365D25 /* UIImageView+HighlightedWebCache.m in Sources */ = {isa = PBXBuildFile; fileRef = 5FC1749A1D39DF0100365D25 /* UIImageView+HighlightedWebCache.m */; };
		5FC174AD1D39DF0100365D25 /* UIImageView+WebCache.m in Sources */ = {isa = PBXBuildFile; fileRef = 5FC1749C1D39DF0100365D25 /* UIImageView+WebCache.m */; };
		5FC174AE1D39DF0100365D25 /* UIView+WebCacheOperation.m in Sources */ = {isa = PBXBuildFile; fileRef = 5FC1749E1D39DF0100365D25 /* UIView+WebCacheOperation.m */; };
		5FC174B11D39E0D700365D25 /* SDCycleScrollView.m in Sources */ = {isa = PBXBuildFile; fileRef = 5FC174B01D39E0D700365D25 /* SDCycleScrollView.m */; };
		F11B67AE1D3619DB0065E7CD /* main.m in Sources */ = {isa = PBXBuildFile; fileRef = F11B67AD1D3619DB0065E7CD /* main.m */; };
		F11B67B11D3619DB0065E7CD /* AppDelegate.mm in Sources */ = {isa = PBXBuildFile; fileRef = F11B67B01D3619DB0065E7CD /* AppDelegate.mm */; };
		F11B67B91D3619DB0065E7CD /* Assets.xcassets in Resources */ = {isa = PBXBuildFile; fileRef = F11B67B81D3619DB0065E7CD /* Assets.xcassets */; };
		F11B67BC1D3619DB0065E7CD /* LaunchScreen.storyboard in Resources */ = {isa = PBXBuildFile; fileRef = F11B67BA1D3619DB0065E7CD /* LaunchScreen.storyboard */; };
		F11B67CF1D361B2C0065E7CD /* BaseViewController.m in Sources */ = {isa = PBXBuildFile; fileRef = F11B67CE1D361B2C0065E7CD /* BaseViewController.m */; };
		F11B67D51D361B9D0065E7CD /* BaseNavigationViewController.m in Sources */ = {isa = PBXBuildFile; fileRef = F11B67D41D361B9D0065E7CD /* BaseNavigationViewController.m */; };
		F11B67D81D361BE80065E7CD /* CustomNavigationBar.m in Sources */ = {isa = PBXBuildFile; fileRef = F11B67D71D361BE80065E7CD /* CustomNavigationBar.m */; };
		F11B67DB1D361EE90065E7CD /* HomeViewController.m in Sources */ = {isa = PBXBuildFile; fileRef = F11B67DA1D361EE90065E7CD /* HomeViewController.m */; };
		F11B67DD1D3631F70065E7CD /* LOGO.png in Resources */ = {isa = PBXBuildFile; fileRef = F11B67DC1D3631F70065E7CD /* LOGO.png */; };
		F11B67E61D3643800065E7CD /* homeNabigationLeftIcon.ico in Resources */ = {isa = PBXBuildFile; fileRef = F11B67E51D3643800065E7CD /* homeNabigationLeftIcon.ico */; };
		F11B67E81D36444F0065E7CD /* homeNabigationRightIcon.ico in Resources */ = {isa = PBXBuildFile; fileRef = F11B67E71D36444F0065E7CD /* homeNabigationRightIcon.ico */; };
		F16C73A91D3A40070070EFD7 /* iflyMSC.framework in Frameworks */ = {isa = PBXBuildFile; fileRef = F16C73A81D3A40070070EFD7 /* iflyMSC.framework */; };
		F16C73AB1D3A40250070EFD7 /* libz.tbd in Frameworks */ = {isa = PBXBuildFile; fileRef = F16C73AA1D3A40250070EFD7 /* libz.tbd */; };
		F16C73AD1D3A402E0070EFD7 /* AVFoundation.framework in Frameworks */ = {isa = PBXBuildFile; fileRef = F16C73AC1D3A402E0070EFD7 /* AVFoundation.framework */; };
		F16C73AF1D3A40500070EFD7 /* Foundation.framework in Frameworks */ = {isa = PBXBuildFile; fileRef = F16C73AE1D3A40500070EFD7 /* Foundation.framework */; };
		F16C73B11D3A40710070EFD7 /* AudioToolbox.framework in Frameworks */ = {isa = PBXBuildFile; fileRef = F16C73B01D3A40710070EFD7 /* AudioToolbox.framework */; };
		F16C73B31D3A407C0070EFD7 /* UIKit.framework in Frameworks */ = {isa = PBXBuildFile; fileRef = F16C73B21D3A407C0070EFD7 /* UIKit.framework */; };
		F17A93A31D39171B0076D6C2 /* test.gpx in Resources */ = {isa = PBXBuildFile; fileRef = F17A93A21D39171B0076D6C2 /* test.gpx */; };
		F1C97C201D3A1D790006B637 /* DataSingleton.m in Sources */ = {isa = PBXBuildFile; fileRef = F1C97C1F1D3A1D790006B637 /* DataSingleton.m */; };
		F1D5A41A1D3668F900F48A48 /* LocationInfoCell.m in Sources */ = {isa = PBXBuildFile; fileRef = F1D5A4181D3668F900F48A48 /* LocationInfoCell.m */; };
		F1D5A41B1D3668F900F48A48 /* LocationInfoCell.xib in Resources */ = {isa = PBXBuildFile; fileRef = F1D5A4191D3668F900F48A48 /* LocationInfoCell.xib */; };
		F1D5A41E1D366A3A00F48A48 /* Location.mm in Sources */ = {isa = PBXBuildFile; fileRef = F1D5A41D1D366A3A00F48A48 /* Location.mm */; };
		F1DC9E831D375E7500C1ADA8 /* Detail.m in Sources */ = {isa = PBXBuildFile; fileRef = F1DC9E821D375E7500C1ADA8 /* Detail.m */; };
		F1DC9E861D37603800C1ADA8 /* DetailUIView.m in Sources */ = {isa = PBXBuildFile; fileRef = F1DC9E851D37603800C1ADA8 /* DetailUIView.m */; };
		F1DC9E8C1D377D8B00C1ADA8 /* SetingViewController.m in Sources */ = {isa = PBXBuildFile; fileRef = F1DC9E8B1D377D8B00C1ADA8 /* SetingViewController.m */; };
		F1DC9E8F1D3783CB00C1ADA8 /* SetingSubViewController.m in Sources */ = {isa = PBXBuildFile; fileRef = F1DC9E8E1D3783CB00C1ADA8 /* SetingSubViewController.m */; };
		F1DC9E921D3783DD00C1ADA8 /* SetingAboutViewController.m in Sources */ = {isa = PBXBuildFile; fileRef = F1DC9E911D3783DD00C1ADA8 /* SetingAboutViewController.m */; };
		F1DC9E941D378BBF00C1ADA8 /* 语音.ico in Resources */ = {isa = PBXBuildFile; fileRef = F1DC9E931D378BBF00C1ADA8 /* 语音.ico */; };
		F1DC9E961D379B1200C1ADA8 /* BaiduMapAPI_Base.framework in Frameworks */ = {isa = PBXBuildFile; fileRef = F1DC9E951D379B1200C1ADA8 /* BaiduMapAPI_Base.framework */; };
		F1DC9E9D1D379B2600C1ADA8 /* BaiduMapAPI_Cloud.framework in Frameworks */ = {isa = PBXBuildFile; fileRef = F1DC9E971D379B2600C1ADA8 /* BaiduMapAPI_Cloud.framework */; };
		F1DC9E9E1D379B2600C1ADA8 /* BaiduMapAPI_Location.framework in Frameworks */ = {isa = PBXBuildFile; fileRef = F1DC9E981D379B2600C1ADA8 /* BaiduMapAPI_Location.framework */; };
		F1DC9E9F1D379B2600C1ADA8 /* BaiduMapAPI_Map.framework in Frameworks */ = {isa = PBXBuildFile; fileRef = F1DC9E991D379B2600C1ADA8 /* BaiduMapAPI_Map.framework */; };
		F1DC9EA01D379B2600C1ADA8 /* BaiduMapAPI_Radar.framework in Frameworks */ = {isa = PBXBuildFile; fileRef = F1DC9E9A1D379B2600C1ADA8 /* BaiduMapAPI_Radar.framework */; };
		F1DC9EA11D379B2600C1ADA8 /* BaiduMapAPI_Search.framework in Frameworks */ = {isa = PBXBuildFile; fileRef = F1DC9E9B1D379B2600C1ADA8 /* BaiduMapAPI_Search.framework */; };
		F1DC9EA21D379B2600C1ADA8 /* BaiduMapAPI_Utils.framework in Frameworks */ = {isa = PBXBuildFile; fileRef = F1DC9E9C1D379B2600C1ADA8 /* BaiduMapAPI_Utils.framework */; };
		F1DC9EA41D379B7400C1ADA8 /* CoreLocation.framework in Frameworks */ = {isa = PBXBuildFile; fileRef = F1DC9EA31D379B7400C1ADA8 /* CoreLocation.framework */; };
		F1DC9EA61D379B7E00C1ADA8 /* QuartzCore.framework in Frameworks */ = {isa = PBXBuildFile; fileRef = F1DC9EA51D379B7E00C1ADA8 /* QuartzCore.framework */; };
		F1DC9EA81D379B8800C1ADA8 /* OpenGLES.framework in Frameworks */ = {isa = PBXBuildFile; fileRef = F1DC9EA71D379B8800C1ADA8 /* OpenGLES.framework */; };
		F1DC9EAA1D379B9800C1ADA8 /* SystemConfiguration.framework in Frameworks */ = {isa = PBXBuildFile; fileRef = F1DC9EA91D379B9800C1ADA8 /* SystemConfiguration.framework */; };
		F1DC9EAC1D379BA200C1ADA8 /* CoreGraphics.framework in Frameworks */ = {isa = PBXBuildFile; fileRef = F1DC9EAB1D379BA200C1ADA8 /* CoreGraphics.framework */; };
		F1DC9EAE1D379BAC00C1ADA8 /* Security.framework in Frameworks */ = {isa = PBXBuildFile; fileRef = F1DC9EAD1D379BAC00C1ADA8 /* Security.framework */; };
		F1DC9EB01D379BBC00C1ADA8 /* libsqlite3.0.tbd in Frameworks */ = {isa = PBXBuildFile; fileRef = F1DC9EAF1D379BBC00C1ADA8 /* libsqlite3.0.tbd */; };
		F1DC9EB21D379BC900C1ADA8 /* CoreTelephony.framework in Frameworks */ = {isa = PBXBuildFile; fileRef = F1DC9EB11D379BC900C1ADA8 /* CoreTelephony.framework */; };
		F1DC9EB41D379BD400C1ADA8 /* libstdc++.6.0.9.tbd in Frameworks */ = {isa = PBXBuildFile; fileRef = F1DC9EB31D379BD400C1ADA8 /* libstdc++.6.0.9.tbd */; };
		F1DC9EB61D379DA600C1ADA8 /* mapapi.bundle in Resources */ = {isa = PBXBuildFile; fileRef = F1DC9EB51D379DA600C1ADA8 /* mapapi.bundle */; };
		F1E045CF1D38FEA400C15274 /* AddressBook.framework in Frameworks */ = {isa = PBXBuildFile; fileRef = F1E045CE1D38FEA400C15274 /* AddressBook.framework */; };
		F1E045D11D38FEAC00C15274 /* AddressBookUI.framework in Frameworks */ = {isa = PBXBuildFile; fileRef = F1E045D01D38FEAC00C15274 /* AddressBookUI.framework */; };
/* End PBXBuildFile section */

/* Begin PBXFileReference section */
		5F12438D1D3C827800477E00 /* 卧龙海2.jpeg */ = {isa = PBXFileReference; lastKnownFileType = image.jpeg; path = "卧龙海2.jpeg"; sourceTree = "<group>"; };
		5F12438E1D3C827800477E00 /* 卧龙海3.jpeg */ = {isa = PBXFileReference; lastKnownFileType = image.jpeg; path = "卧龙海3.jpeg"; sourceTree = "<group>"; };
		5F12438F1D3C827800477E00 /* 卧龙海4.jpeg */ = {isa = PBXFileReference; lastKnownFileType = image.jpeg; path = "卧龙海4.jpeg"; sourceTree = "<group>"; };
		5F1243931D3C850B00477E00 /* 箭竹海2.jpeg */ = {isa = PBXFileReference; lastKnownFileType = image.jpeg; path = "箭竹海2.jpeg"; sourceTree = "<group>"; };
		5F1243941D3C850B00477E00 /* 箭竹海3.jpeg */ = {isa = PBXFileReference; lastKnownFileType = image.jpeg; path = "箭竹海3.jpeg"; sourceTree = "<group>"; };
		5F1243951D3C850B00477E00 /* 箭竹海4.jpeg */ = {isa = PBXFileReference; lastKnownFileType = image.jpeg; path = "箭竹海4.jpeg"; sourceTree = "<group>"; };
		5F1243991D3C857900477E00 /* 芦苇海2.jpeg */ = {isa = PBXFileReference; lastKnownFileType = image.jpeg; path = "芦苇海2.jpeg"; sourceTree = "<group>"; };
		5F12439A1D3C857900477E00 /* 芦苇海3.jpeg */ = {isa = PBXFileReference; lastKnownFileType = image.jpeg; path = "芦苇海3.jpeg"; sourceTree = "<group>"; };
		5F12439D1D3C860200477E00 /* 双龙海2.jpeg */ = {isa = PBXFileReference; lastKnownFileType = image.jpeg; path = "双龙海2.jpeg"; sourceTree = "<group>"; };
		5F12439E1D3C860200477E00 /* 双龙海3.jpeg */ = {isa = PBXFileReference; lastKnownFileType = image.jpeg; path = "双龙海3.jpeg"; sourceTree = "<group>"; };
		5F12439F1D3C860200477E00 /* 双龙海4.jpeg */ = {isa = PBXFileReference; lastKnownFileType = image.jpeg; path = "双龙海4.jpeg"; sourceTree = "<group>"; };
		5F1C55471D37276D00B08D4D /* MapViewController.h */ = {isa = PBXFileReference; fileEncoding = 4; lastKnownFileType = sourcecode.c.h; path = MapViewController.h; sourceTree = "<group>"; };
		5F1C55481D37276D00B08D4D /* MapViewController.mm */ = {isa = PBXFileReference; fileEncoding = 4; lastKnownFileType = sourcecode.cpp.objcpp; path = MapViewController.mm; sourceTree = "<group>"; };
		5F1C554D1D37339F00B08D4D /* DetailViewController.h */ = {isa = PBXFileReference; fileEncoding = 4; lastKnownFileType = sourcecode.c.h; path = DetailViewController.h; sourceTree = "<group>"; };
		5F1C554E1D37339F00B08D4D /* DetailViewController.m */ = {isa = PBXFileReference; fileEncoding = 4; lastKnownFileType = sourcecode.c.objc; path = DetailViewController.m; sourceTree = "<group>"; };
		5F5030EC1D3B4D7200ACE15D /* PcmPlayer.h */ = {isa = PBXFileReference; fileEncoding = 4; lastKnownFileType = sourcecode.c.h; path = PcmPlayer.h; sourceTree = "<group>"; };
		5F5030ED1D3B4D7200ACE15D /* PcmPlayer.m */ = {isa = PBXFileReference; fileEncoding = 4; lastKnownFileType = sourcecode.c.objc; path = PcmPlayer.m; sourceTree = "<group>"; };
		5F5030EE1D3B4D7200ACE15D /* PcmPlayerDelegate.h */ = {isa = PBXFileReference; fileEncoding = 4; lastKnownFileType = sourcecode.c.h; path = PcmPlayerDelegate.h; sourceTree = "<group>"; };
		5F5030EF1D3B4D7200ACE15D /* PopupView.h */ = {isa = PBXFileReference; fileEncoding = 4; lastKnownFileType = sourcecode.c.h; path = PopupView.h; sourceTree = "<group>"; };
		5F5030F01D3B4D7200ACE15D /* PopupView.m */ = {isa = PBXFileReference; fileEncoding = 4; lastKnownFileType = sourcecode.c.objc; path = PopupView.m; sourceTree = "<group>"; };
		5F5030F71D3B4E9000ACE15D /* AlertView.h */ = {isa = PBXFileReference; fileEncoding = 4; lastKnownFileType = sourcecode.c.h; path = AlertView.h; sourceTree = "<group>"; };
		5F5030F81D3B4E9000ACE15D /* AlertView.m */ = {isa = PBXFileReference; fileEncoding = 4; lastKnownFileType = sourcecode.c.objc; path = AlertView.m; sourceTree = "<group>"; };
		5F6AE6B31D37582E00B9BAC1 /* 卧龙海.jpeg */ = {isa = PBXFileReference; lastKnownFileType = image.jpeg; path = "卧龙海.jpeg"; sourceTree = "<group>"; };
		5F6AE6B51D37583700B9BAC1 /* 箭竹海.jpg */ = {isa = PBXFileReference; lastKnownFileType = image.jpeg; path = "箭竹海.jpg"; sourceTree = "<group>"; };
		5F6AE6B71D37583D00B9BAC1 /* 双龙海.jpg */ = {isa = PBXFileReference; lastKnownFileType = image.jpeg; path = "双龙海.jpg"; sourceTree = "<group>"; };
		5F6AE6B91D37584500B9BAC1 /* 芦苇海.jpg */ = {isa = PBXFileReference; lastKnownFileType = image.jpeg; path = "芦苇海.jpg"; sourceTree = "<group>"; };
		5FC174541D39DDB400365D25 /* TAAbstractDotView.h */ = {isa = PBXFileReference; fileEncoding = 4; lastKnownFileType = sourcecode.c.h; path = TAAbstractDotView.h; sourceTree = "<group>"; };
		5FC174551D39DDB400365D25 /* TAAbstractDotView.m */ = {isa = PBXFileReference; fileEncoding = 4; lastKnownFileType = sourcecode.c.objc; path = TAAbstractDotView.m; sourceTree = "<group>"; };
		5FC174561D39DDB400365D25 /* TAAnimatedDotView.h */ = {isa = PBXFileReference; fileEncoding = 4; lastKnownFileType = sourcecode.c.h; path = TAAnimatedDotView.h; sourceTree = "<group>"; };
		5FC174571D39DDB400365D25 /* TAAnimatedDotView.m */ = {isa = PBXFileReference; fileEncoding = 4; lastKnownFileType = sourcecode.c.objc; path = TAAnimatedDotView.m; sourceTree = "<group>"; };
		5FC174581D39DDB400365D25 /* TADotView.h */ = {isa = PBXFileReference; fileEncoding = 4; lastKnownFileType = sourcecode.c.h; path = TADotView.h; sourceTree = "<group>"; };
		5FC174591D39DDB400365D25 /* TADotView.m */ = {isa = PBXFileReference; fileEncoding = 4; lastKnownFileType = sourcecode.c.objc; path = TADotView.m; sourceTree = "<group>"; };
		5FC1745A1D39DDB400365D25 /* TAPageControl.h */ = {isa = PBXFileReference; fileEncoding = 4; lastKnownFileType = sourcecode.c.h; path = TAPageControl.h; sourceTree = "<group>"; };
		5FC1745B1D39DDB400365D25 /* TAPageControl.m */ = {isa = PBXFileReference; fileEncoding = 4; lastKnownFileType = sourcecode.c.objc; path = TAPageControl.m; sourceTree = "<group>"; };
		5FC1745C1D39DDB400365D25 /* SDCollectionViewCell.h */ = {isa = PBXFileReference; fileEncoding = 4; lastKnownFileType = sourcecode.c.h; path = SDCollectionViewCell.h; sourceTree = "<group>"; };
		5FC1745D1D39DDB400365D25 /* SDCollectionViewCell.m */ = {isa = PBXFileReference; fileEncoding = 4; lastKnownFileType = sourcecode.c.objc; path = SDCollectionViewCell.m; sourceTree = "<group>"; };
		5FC174601D39DDB400365D25 /* UIView+SDExtension.h */ = {isa = PBXFileReference; fileEncoding = 4; lastKnownFileType = sourcecode.c.h; path = "UIView+SDExtension.h"; sourceTree = "<group>"; };
		5FC174611D39DDB400365D25 /* UIView+SDExtension.m */ = {isa = PBXFileReference; fileEncoding = 4; lastKnownFileType = sourcecode.c.objc; path = "UIView+SDExtension.m"; sourceTree = "<group>"; };
		5FC174691D39DEB100365D25 /* 005.jpg */ = {isa = PBXFileReference; lastKnownFileType = image.jpeg; path = 005.jpg; sourceTree = "<group>"; };
		5FC1746A1D39DEB100365D25 /* h2.jpg */ = {isa = PBXFileReference; lastKnownFileType = image.jpeg; path = h2.jpg; sourceTree = "<group>"; };
		5FC1746B1D39DEB100365D25 /* h3.jpg */ = {isa = PBXFileReference; lastKnownFileType = image.jpeg; path = h3.jpg; sourceTree = "<group>"; };
		5FC1746C1D39DEB100365D25 /* h4.jpg */ = {isa = PBXFileReference; lastKnownFileType = image.jpeg; path = h4.jpg; sourceTree = "<group>"; };
		5FC1746D1D39DEB100365D25 /* pageControlCurrentDot@2x.png */ = {isa = PBXFileReference; lastKnownFileType = image.png; path = "pageControlCurrentDot@2x.png"; sourceTree = "<group>"; };
		5FC1746E1D39DEB100365D25 /* pageControlCurrentDot@3x.png */ = {isa = PBXFileReference; lastKnownFileType = image.png; path = "pageControlCurrentDot@3x.png"; sourceTree = "<group>"; };
		5FC1746F1D39DEB100365D25 /* pageControlDot@2x.png */ = {isa = PBXFileReference; lastKnownFileType = image.png; path = "pageControlDot@2x.png"; sourceTree = "<group>"; };
		5FC174701D39DEB100365D25 /* pageControlDot@3x.png */ = {isa = PBXFileReference; lastKnownFileType = image.png; path = "pageControlDot@3x.png"; sourceTree = "<group>"; };
		5FC174711D39DEB100365D25 /* placeholder@2x.png */ = {isa = PBXFileReference; lastKnownFileType = image.png; path = "placeholder@2x.png"; sourceTree = "<group>"; };
		5FC1747B1D39DEBA00365D25 /* h1.jpg */ = {isa = PBXFileReference; lastKnownFileType = image.jpeg; path = h1.jpg; sourceTree = "<group>"; };
		5FC1747E1D39DF0100365D25 /* MKAnnotationView+WebCache.h */ = {isa = PBXFileReference; fileEncoding = 4; lastKnownFileType = sourcecode.c.h; path = "MKAnnotationView+WebCache.h"; sourceTree = "<group>"; };
		5FC1747F1D39DF0100365D25 /* MKAnnotationView+WebCache.m */ = {isa = PBXFileReference; fileEncoding = 4; lastKnownFileType = sourcecode.c.objc; path = "MKAnnotationView+WebCache.m"; sourceTree = "<group>"; };
		5FC174801D39DF0100365D25 /* NSData+ImageContentType.h */ = {isa = PBXFileReference; fileEncoding = 4; lastKnownFileType = sourcecode.c.h; path = "NSData+ImageContentType.h"; sourceTree = "<group>"; };
		5FC174811D39DF0100365D25 /* NSData+ImageContentType.m */ = {isa = PBXFileReference; fileEncoding = 4; lastKnownFileType = sourcecode.c.objc; path = "NSData+ImageContentType.m"; sourceTree = "<group>"; };
		5FC174821D39DF0100365D25 /* SDImageCache.h */ = {isa = PBXFileReference; fileEncoding = 4; lastKnownFileType = sourcecode.c.h; path = SDImageCache.h; sourceTree = "<group>"; };
		5FC174831D39DF0100365D25 /* SDImageCache.m */ = {isa = PBXFileReference; fileEncoding = 4; lastKnownFileType = sourcecode.c.objc; path = SDImageCache.m; sourceTree = "<group>"; };
		5FC174841D39DF0100365D25 /* SDWebImageCompat.h */ = {isa = PBXFileReference; fileEncoding = 4; lastKnownFileType = sourcecode.c.h; path = SDWebImageCompat.h; sourceTree = "<group>"; };
		5FC174851D39DF0100365D25 /* SDWebImageCompat.m */ = {isa = PBXFileReference; fileEncoding = 4; lastKnownFileType = sourcecode.c.objc; path = SDWebImageCompat.m; sourceTree = "<group>"; };
		5FC174861D39DF0100365D25 /* SDWebImageDecoder.h */ = {isa = PBXFileReference; fileEncoding = 4; lastKnownFileType = sourcecode.c.h; path = SDWebImageDecoder.h; sourceTree = "<group>"; };
		5FC174871D39DF0100365D25 /* SDWebImageDecoder.m */ = {isa = PBXFileReference; fileEncoding = 4; lastKnownFileType = sourcecode.c.objc; path = SDWebImageDecoder.m; sourceTree = "<group>"; };
		5FC174881D39DF0100365D25 /* SDWebImageDownloader.h */ = {isa = PBXFileReference; fileEncoding = 4; lastKnownFileType = sourcecode.c.h; path = SDWebImageDownloader.h; sourceTree = "<group>"; };
		5FC174891D39DF0100365D25 /* SDWebImageDownloader.m */ = {isa = PBXFileReference; fileEncoding = 4; lastKnownFileType = sourcecode.c.objc; path = SDWebImageDownloader.m; sourceTree = "<group>"; };
		5FC1748A1D39DF0100365D25 /* SDWebImageDownloaderOperation.h */ = {isa = PBXFileReference; fileEncoding = 4; lastKnownFileType = sourcecode.c.h; path = SDWebImageDownloaderOperation.h; sourceTree = "<group>"; };
		5FC1748B1D39DF0100365D25 /* SDWebImageDownloaderOperation.m */ = {isa = PBXFileReference; fileEncoding = 4; lastKnownFileType = sourcecode.c.objc; path = SDWebImageDownloaderOperation.m; sourceTree = "<group>"; };
		5FC1748C1D39DF0100365D25 /* SDWebImageManager.h */ = {isa = PBXFileReference; fileEncoding = 4; lastKnownFileType = sourcecode.c.h; path = SDWebImageManager.h; sourceTree = "<group>"; };
		5FC1748D1D39DF0100365D25 /* SDWebImageManager.m */ = {isa = PBXFileReference; fileEncoding = 4; lastKnownFileType = sourcecode.c.objc; path = SDWebImageManager.m; sourceTree = "<group>"; };
		5FC1748E1D39DF0100365D25 /* SDWebImageOperation.h */ = {isa = PBXFileReference; fileEncoding = 4; lastKnownFileType = sourcecode.c.h; path = SDWebImageOperation.h; sourceTree = "<group>"; };
		5FC1748F1D39DF0100365D25 /* SDWebImagePrefetcher.h */ = {isa = PBXFileReference; fileEncoding = 4; lastKnownFileType = sourcecode.c.h; path = SDWebImagePrefetcher.h; sourceTree = "<group>"; };
		5FC174901D39DF0100365D25 /* SDWebImagePrefetcher.m */ = {isa = PBXFileReference; fileEncoding = 4; lastKnownFileType = sourcecode.c.objc; path = SDWebImagePrefetcher.m; sourceTree = "<group>"; };
		5FC174911D39DF0100365D25 /* UIButton+WebCache.h */ = {isa = PBXFileReference; fileEncoding = 4; lastKnownFileType = sourcecode.c.h; path = "UIButton+WebCache.h"; sourceTree = "<group>"; };
		5FC174921D39DF0100365D25 /* UIButton+WebCache.m */ = {isa = PBXFileReference; fileEncoding = 4; lastKnownFileType = sourcecode.c.objc; path = "UIButton+WebCache.m"; sourceTree = "<group>"; };
		5FC174931D39DF0100365D25 /* UIImage+GIF.h */ = {isa = PBXFileReference; fileEncoding = 4; lastKnownFileType = sourcecode.c.h; path = "UIImage+GIF.h"; sourceTree = "<group>"; };
		5FC174941D39DF0100365D25 /* UIImage+GIF.m */ = {isa = PBXFileReference; fileEncoding = 4; lastKnownFileType = sourcecode.c.objc; path = "UIImage+GIF.m"; sourceTree = "<group>"; };
		5FC174951D39DF0100365D25 /* UIImage+MultiFormat.h */ = {isa = PBXFileReference; fileEncoding = 4; lastKnownFileType = sourcecode.c.h; path = "UIImage+MultiFormat.h"; sourceTree = "<group>"; };
		5FC174961D39DF0100365D25 /* UIImage+MultiFormat.m */ = {isa = PBXFileReference; fileEncoding = 4; lastKnownFileType = sourcecode.c.objc; path = "UIImage+MultiFormat.m"; sourceTree = "<group>"; };
		5FC174971D39DF0100365D25 /* UIImage+WebP.h */ = {isa = PBXFileReference; fileEncoding = 4; lastKnownFileType = sourcecode.c.h; path = "UIImage+WebP.h"; sourceTree = "<group>"; };
		5FC174981D39DF0100365D25 /* UIImage+WebP.m */ = {isa = PBXFileReference; fileEncoding = 4; lastKnownFileType = sourcecode.c.objc; path = "UIImage+WebP.m"; sourceTree = "<group>"; };
		5FC174991D39DF0100365D25 /* UIImageView+HighlightedWebCache.h */ = {isa = PBXFileReference; fileEncoding = 4; lastKnownFileType = sourcecode.c.h; path = "UIImageView+HighlightedWebCache.h"; sourceTree = "<group>"; };
		5FC1749A1D39DF0100365D25 /* UIImageView+HighlightedWebCache.m */ = {isa = PBXFileReference; fileEncoding = 4; lastKnownFileType = sourcecode.c.objc; path = "UIImageView+HighlightedWebCache.m"; sourceTree = "<group>"; };
		5FC1749B1D39DF0100365D25 /* UIImageView+WebCache.h */ = {isa = PBXFileReference; fileEncoding = 4; lastKnownFileType = sourcecode.c.h; path = "UIImageView+WebCache.h"; sourceTree = "<group>"; };
		5FC1749C1D39DF0100365D25 /* UIImageView+WebCache.m */ = {isa = PBXFileReference; fileEncoding = 4; lastKnownFileType = sourcecode.c.objc; path = "UIImageView+WebCache.m"; sourceTree = "<group>"; };
		5FC1749D1D39DF0100365D25 /* UIView+WebCacheOperation.h */ = {isa = PBXFileReference; fileEncoding = 4; lastKnownFileType = sourcecode.c.h; path = "UIView+WebCacheOperation.h"; sourceTree = "<group>"; };
		5FC1749E1D39DF0100365D25 /* UIView+WebCacheOperation.m */ = {isa = PBXFileReference; fileEncoding = 4; lastKnownFileType = sourcecode.c.objc; path = "UIView+WebCacheOperation.m"; sourceTree = "<group>"; };
		5FC174AF1D39E0D700365D25 /* SDCycleScrollView.h */ = {isa = PBXFileReference; fileEncoding = 4; lastKnownFileType = sourcecode.c.h; path = SDCycleScrollView.h; sourceTree = "<group>"; };
		5FC174B01D39E0D700365D25 /* SDCycleScrollView.m */ = {isa = PBXFileReference; fileEncoding = 4; lastKnownFileType = sourcecode.c.objc; path = SDCycleScrollView.m; sourceTree = "<group>"; };
		F11B67A91D3619DB0065E7CD /* IntelligentTouristGuide.app */ = {isa = PBXFileReference; explicitFileType = wrapper.application; includeInIndex = 0; path = IntelligentTouristGuide.app; sourceTree = BUILT_PRODUCTS_DIR; };
		F11B67AD1D3619DB0065E7CD /* main.m */ = {isa = PBXFileReference; lastKnownFileType = sourcecode.c.objc; path = main.m; sourceTree = "<group>"; };
		F11B67AF1D3619DB0065E7CD /* AppDelegate.h */ = {isa = PBXFileReference; lastKnownFileType = sourcecode.c.h; path = AppDelegate.h; sourceTree = "<group>"; };
		F11B67B01D3619DB0065E7CD /* AppDelegate.mm */ = {isa = PBXFileReference; lastKnownFileType = sourcecode.cpp.objcpp; path = AppDelegate.mm; sourceTree = "<group>"; };
		F11B67B81D3619DB0065E7CD /* Assets.xcassets */ = {isa = PBXFileReference; lastKnownFileType = folder.assetcatalog; path = Assets.xcassets; sourceTree = "<group>"; };
		F11B67BB1D3619DB0065E7CD /* Base */ = {isa = PBXFileReference; lastKnownFileType = file.storyboard; name = Base; path = Base.lproj/LaunchScreen.storyboard; sourceTree = "<group>"; };
		F11B67BD1D3619DB0065E7CD /* Info.plist */ = {isa = PBXFileReference; lastKnownFileType = text.plist.xml; path = Info.plist; sourceTree = "<group>"; };
		F11B67CD1D361B2C0065E7CD /* BaseViewController.h */ = {isa = PBXFileReference; fileEncoding = 4; lastKnownFileType = sourcecode.c.h; path = BaseViewController.h; sourceTree = "<group>"; };
		F11B67CE1D361B2C0065E7CD /* BaseViewController.m */ = {isa = PBXFileReference; fileEncoding = 4; lastKnownFileType = sourcecode.c.objc; path = BaseViewController.m; sourceTree = "<group>"; };
		F11B67D31D361B9D0065E7CD /* BaseNavigationViewController.h */ = {isa = PBXFileReference; fileEncoding = 4; lastKnownFileType = sourcecode.c.h; path = BaseNavigationViewController.h; sourceTree = "<group>"; };
		F11B67D41D361B9D0065E7CD /* BaseNavigationViewController.m */ = {isa = PBXFileReference; fileEncoding = 4; lastKnownFileType = sourcecode.c.objc; path = BaseNavigationViewController.m; sourceTree = "<group>"; };
		F11B67D61D361BE80065E7CD /* CustomNavigationBar.h */ = {isa = PBXFileReference; fileEncoding = 4; lastKnownFileType = sourcecode.c.h; path = CustomNavigationBar.h; sourceTree = "<group>"; };
		F11B67D71D361BE80065E7CD /* CustomNavigationBar.m */ = {isa = PBXFileReference; fileEncoding = 4; lastKnownFileType = sourcecode.c.objc; path = CustomNavigationBar.m; sourceTree = "<group>"; };
		F11B67D91D361EE90065E7CD /* HomeViewController.h */ = {isa = PBXFileReference; fileEncoding = 4; lastKnownFileType = sourcecode.c.h; path = HomeViewController.h; sourceTree = "<group>"; };
		F11B67DA1D361EE90065E7CD /* HomeViewController.m */ = {isa = PBXFileReference; fileEncoding = 4; lastKnownFileType = sourcecode.c.objc; path = HomeViewController.m; sourceTree = "<group>"; };
		F11B67DC1D3631F70065E7CD /* LOGO.png */ = {isa = PBXFileReference; lastKnownFileType = image.png; path = LOGO.png; sourceTree = "<group>"; };
		F11B67E51D3643800065E7CD /* homeNabigationLeftIcon.ico */ = {isa = PBXFileReference; lastKnownFileType = image.ico; path = homeNabigationLeftIcon.ico; sourceTree = "<group>"; };
		F11B67E71D36444F0065E7CD /* homeNabigationRightIcon.ico */ = {isa = PBXFileReference; lastKnownFileType = image.ico; path = homeNabigationRightIcon.ico; sourceTree = "<group>"; };
		F16C73A81D3A40070070EFD7 /* iflyMSC.framework */ = {isa = PBXFileReference; lastKnownFileType = wrapper.framework; path = iflyMSC.framework; sourceTree = "<group>"; };
		F16C73AA1D3A40250070EFD7 /* libz.tbd */ = {isa = PBXFileReference; lastKnownFileType = "sourcecode.text-based-dylib-definition"; name = libz.tbd; path = usr/lib/libz.tbd; sourceTree = SDKROOT; };
		F16C73AC1D3A402E0070EFD7 /* AVFoundation.framework */ = {isa = PBXFileReference; lastKnownFileType = wrapper.framework; name = AVFoundation.framework; path = System/Library/Frameworks/AVFoundation.framework; sourceTree = SDKROOT; };
		F16C73AE1D3A40500070EFD7 /* Foundation.framework */ = {isa = PBXFileReference; lastKnownFileType = wrapper.framework; name = Foundation.framework; path = System/Library/Frameworks/Foundation.framework; sourceTree = SDKROOT; };
		F16C73B01D3A40710070EFD7 /* AudioToolbox.framework */ = {isa = PBXFileReference; lastKnownFileType = wrapper.framework; name = AudioToolbox.framework; path = System/Library/Frameworks/AudioToolbox.framework; sourceTree = SDKROOT; };
		F16C73B21D3A407C0070EFD7 /* UIKit.framework */ = {isa = PBXFileReference; lastKnownFileType = wrapper.framework; name = UIKit.framework; path = System/Library/Frameworks/UIKit.framework; sourceTree = SDKROOT; };
		F17A93A21D39171B0076D6C2 /* test.gpx */ = {isa = PBXFileReference; fileEncoding = 4; lastKnownFileType = text.xml; name = test.gpx; path = IntelligentTouristGuide/test.gpx; sourceTree = "<group>"; };
		F1C97C1E1D3A1D790006B637 /* DataSingleton.h */ = {isa = PBXFileReference; fileEncoding = 4; lastKnownFileType = sourcecode.c.h; path = DataSingleton.h; sourceTree = "<group>"; };
		F1C97C1F1D3A1D790006B637 /* DataSingleton.m */ = {isa = PBXFileReference; fileEncoding = 4; lastKnownFileType = sourcecode.c.objc; path = DataSingleton.m; sourceTree = "<group>"; };
		F1D5A4171D3668F900F48A48 /* LocationInfoCell.h */ = {isa = PBXFileReference; fileEncoding = 4; lastKnownFileType = sourcecode.c.h; path = LocationInfoCell.h; sourceTree = "<group>"; };
		F1D5A4181D3668F900F48A48 /* LocationInfoCell.m */ = {isa = PBXFileReference; fileEncoding = 4; lastKnownFileType = sourcecode.c.objc; path = LocationInfoCell.m; sourceTree = "<group>"; };
		F1D5A4191D3668F900F48A48 /* LocationInfoCell.xib */ = {isa = PBXFileReference; fileEncoding = 4; lastKnownFileType = file.xib; path = LocationInfoCell.xib; sourceTree = "<group>"; };
		F1D5A41C1D366A3A00F48A48 /* Location.h */ = {isa = PBXFileReference; fileEncoding = 4; lastKnownFileType = sourcecode.c.h; path = Location.h; sourceTree = "<group>"; };
		F1D5A41D1D366A3A00F48A48 /* Location.mm */ = {isa = PBXFileReference; fileEncoding = 4; lastKnownFileType = sourcecode.cpp.objcpp; path = Location.mm; sourceTree = "<group>"; };
		F1DC9E811D375E7500C1ADA8 /* Detail.h */ = {isa = PBXFileReference; fileEncoding = 4; lastKnownFileType = sourcecode.c.h; path = Detail.h; sourceTree = "<group>"; };
		F1DC9E821D375E7500C1ADA8 /* Detail.m */ = {isa = PBXFileReference; fileEncoding = 4; lastKnownFileType = sourcecode.c.objc; path = Detail.m; sourceTree = "<group>"; };
		F1DC9E841D37603800C1ADA8 /* DetailUIView.h */ = {isa = PBXFileReference; fileEncoding = 4; lastKnownFileType = sourcecode.c.h; path = DetailUIView.h; sourceTree = "<group>"; };
		F1DC9E851D37603800C1ADA8 /* DetailUIView.m */ = {isa = PBXFileReference; fileEncoding = 4; lastKnownFileType = sourcecode.c.objc; path = DetailUIView.m; sourceTree = "<group>"; };
		F1DC9E8A1D377D8B00C1ADA8 /* SetingViewController.h */ = {isa = PBXFileReference; fileEncoding = 4; lastKnownFileType = sourcecode.c.h; path = SetingViewController.h; sourceTree = "<group>"; };
		F1DC9E8B1D377D8B00C1ADA8 /* SetingViewController.m */ = {isa = PBXFileReference; fileEncoding = 4; lastKnownFileType = sourcecode.c.objc; path = SetingViewController.m; sourceTree = "<group>"; };
		F1DC9E8D1D3783CB00C1ADA8 /* SetingSubViewController.h */ = {isa = PBXFileReference; fileEncoding = 4; lastKnownFileType = sourcecode.c.h; path = SetingSubViewController.h; sourceTree = "<group>"; };
		F1DC9E8E1D3783CB00C1ADA8 /* SetingSubViewController.m */ = {isa = PBXFileReference; fileEncoding = 4; lastKnownFileType = sourcecode.c.objc; path = SetingSubViewController.m; sourceTree = "<group>"; };
		F1DC9E901D3783DD00C1ADA8 /* SetingAboutViewController.h */ = {isa = PBXFileReference; fileEncoding = 4; lastKnownFileType = sourcecode.c.h; path = SetingAboutViewController.h; sourceTree = "<group>"; };
		F1DC9E911D3783DD00C1ADA8 /* SetingAboutViewController.m */ = {isa = PBXFileReference; fileEncoding = 4; lastKnownFileType = sourcecode.c.objc; path = SetingAboutViewController.m; sourceTree = "<group>"; };
		F1DC9E931D378BBF00C1ADA8 /* 语音.ico */ = {isa = PBXFileReference; lastKnownFileType = image.ico; path = "语音.ico"; sourceTree = "<group>"; };
		F1DC9E951D379B1200C1ADA8 /* BaiduMapAPI_Base.framework */ = {isa = PBXFileReference; lastKnownFileType = wrapper.framework; path = BaiduMapAPI_Base.framework; sourceTree = "<group>"; };
		F1DC9E971D379B2600C1ADA8 /* BaiduMapAPI_Cloud.framework */ = {isa = PBXFileReference; lastKnownFileType = wrapper.framework; path = BaiduMapAPI_Cloud.framework; sourceTree = "<group>"; };
		F1DC9E981D379B2600C1ADA8 /* BaiduMapAPI_Location.framework */ = {isa = PBXFileReference; lastKnownFileType = wrapper.framework; path = BaiduMapAPI_Location.framework; sourceTree = "<group>"; };
		F1DC9E991D379B2600C1ADA8 /* BaiduMapAPI_Map.framework */ = {isa = PBXFileReference; lastKnownFileType = wrapper.framework; path = BaiduMapAPI_Map.framework; sourceTree = "<group>"; };
		F1DC9E9A1D379B2600C1ADA8 /* BaiduMapAPI_Radar.framework */ = {isa = PBXFileReference; lastKnownFileType = wrapper.framework; path = BaiduMapAPI_Radar.framework; sourceTree = "<group>"; };
		F1DC9E9B1D379B2600C1ADA8 /* BaiduMapAPI_Search.framework */ = {isa = PBXFileReference; lastKnownFileType = wrapper.framework; path = BaiduMapAPI_Search.framework; sourceTree = "<group>"; };
		F1DC9E9C1D379B2600C1ADA8 /* BaiduMapAPI_Utils.framework */ = {isa = PBXFileReference; lastKnownFileType = wrapper.framework; path = BaiduMapAPI_Utils.framework; sourceTree = "<group>"; };
		F1DC9EA31D379B7400C1ADA8 /* CoreLocation.framework */ = {isa = PBXFileReference; lastKnownFileType = wrapper.framework; name = CoreLocation.framework; path = System/Library/Frameworks/CoreLocation.framework; sourceTree = SDKROOT; };
		F1DC9EA51D379B7E00C1ADA8 /* QuartzCore.framework */ = {isa = PBXFileReference; lastKnownFileType = wrapper.framework; name = QuartzCore.framework; path = System/Library/Frameworks/QuartzCore.framework; sourceTree = SDKROOT; };
		F1DC9EA71D379B8800C1ADA8 /* OpenGLES.framework */ = {isa = PBXFileReference; lastKnownFileType = wrapper.framework; name = OpenGLES.framework; path = System/Library/Frameworks/OpenGLES.framework; sourceTree = SDKROOT; };
		F1DC9EA91D379B9800C1ADA8 /* SystemConfiguration.framework */ = {isa = PBXFileReference; lastKnownFileType = wrapper.framework; name = SystemConfiguration.framework; path = System/Library/Frameworks/SystemConfiguration.framework; sourceTree = SDKROOT; };
		F1DC9EAB1D379BA200C1ADA8 /* CoreGraphics.framework */ = {isa = PBXFileReference; lastKnownFileType = wrapper.framework; name = CoreGraphics.framework; path = System/Library/Frameworks/CoreGraphics.framework; sourceTree = SDKROOT; };
		F1DC9EAD1D379BAC00C1ADA8 /* Security.framework */ = {isa = PBXFileReference; lastKnownFileType = wrapper.framework; name = Security.framework; path = System/Library/Frameworks/Security.framework; sourceTree = SDKROOT; };
		F1DC9EAF1D379BBC00C1ADA8 /* libsqlite3.0.tbd */ = {isa = PBXFileReference; lastKnownFileType = "sourcecode.text-based-dylib-definition"; name = libsqlite3.0.tbd; path = usr/lib/libsqlite3.0.tbd; sourceTree = SDKROOT; };
		F1DC9EB11D379BC900C1ADA8 /* CoreTelephony.framework */ = {isa = PBXFileReference; lastKnownFileType = wrapper.framework; name = CoreTelephony.framework; path = System/Library/Frameworks/CoreTelephony.framework; sourceTree = SDKROOT; };
		F1DC9EB31D379BD400C1ADA8 /* libstdc++.6.0.9.tbd */ = {isa = PBXFileReference; lastKnownFileType = "sourcecode.text-based-dylib-definition"; name = "libstdc++.6.0.9.tbd"; path = "usr/lib/libstdc++.6.0.9.tbd"; sourceTree = SDKROOT; };
		F1DC9EB51D379DA600C1ADA8 /* mapapi.bundle */ = {isa = PBXFileReference; lastKnownFileType = "wrapper.plug-in"; name = mapapi.bundle; path = BaiduMapAPI_Map.framework/Resources/mapapi.bundle; sourceTree = "<group>"; };
		F1E045CE1D38FEA400C15274 /* AddressBook.framework */ = {isa = PBXFileReference; lastKnownFileType = wrapper.framework; name = AddressBook.framework; path = System/Library/Frameworks/AddressBook.framework; sourceTree = SDKROOT; };
		F1E045D01D38FEAC00C15274 /* AddressBookUI.framework */ = {isa = PBXFileReference; lastKnownFileType = wrapper.framework; name = AddressBookUI.framework; path = System/Library/Frameworks/AddressBookUI.framework; sourceTree = SDKROOT; };
/* End PBXFileReference section */

/* Begin PBXFrameworksBuildPhase section */
		F11B67A61D3619DB0065E7CD /* Frameworks */ = {
			isa = PBXFrameworksBuildPhase;
			buildActionMask = 2147483647;
			files = (
				F1DC9EAC1D379BA200C1ADA8 /* CoreGraphics.framework in Frameworks */,
				F1DC9EA61D379B7E00C1ADA8 /* QuartzCore.framework in Frameworks */,
				F1E045CF1D38FEA400C15274 /* AddressBook.framework in Frameworks */,
				F1DC9EA41D379B7400C1ADA8 /* CoreLocation.framework in Frameworks */,
				F16C73B31D3A407C0070EFD7 /* UIKit.framework in Frameworks */,
				F16C73B11D3A40710070EFD7 /* AudioToolbox.framework in Frameworks */,
				F1DC9EB21D379BC900C1ADA8 /* CoreTelephony.framework in Frameworks */,
				F16C73AF1D3A40500070EFD7 /* Foundation.framework in Frameworks */,
				F1DC9EAA1D379B9800C1ADA8 /* SystemConfiguration.framework in Frameworks */,
				F16C73AD1D3A402E0070EFD7 /* AVFoundation.framework in Frameworks */,
				F16C73AB1D3A40250070EFD7 /* libz.tbd in Frameworks */,
				F16C73A91D3A40070070EFD7 /* iflyMSC.framework in Frameworks */,
				F1E045D11D38FEAC00C15274 /* AddressBookUI.framework in Frameworks */,
				F1DC9EAE1D379BAC00C1ADA8 /* Security.framework in Frameworks */,
				F1DC9EB41D379BD400C1ADA8 /* libstdc++.6.0.9.tbd in Frameworks */,
				F1DC9EB01D379BBC00C1ADA8 /* libsqlite3.0.tbd in Frameworks */,
				F1DC9EA81D379B8800C1ADA8 /* OpenGLES.framework in Frameworks */,
				F1DC9E9D1D379B2600C1ADA8 /* BaiduMapAPI_Cloud.framework in Frameworks */,
				F1DC9E9E1D379B2600C1ADA8 /* BaiduMapAPI_Location.framework in Frameworks */,
				F1DC9E9F1D379B2600C1ADA8 /* BaiduMapAPI_Map.framework in Frameworks */,
				F1DC9EA01D379B2600C1ADA8 /* BaiduMapAPI_Radar.framework in Frameworks */,
				F1DC9EA11D379B2600C1ADA8 /* BaiduMapAPI_Search.framework in Frameworks */,
				F1DC9EA21D379B2600C1ADA8 /* BaiduMapAPI_Utils.framework in Frameworks */,
				F1DC9E961D379B1200C1ADA8 /* BaiduMapAPI_Base.framework in Frameworks */,
			);
			runOnlyForDeploymentPostprocessing = 0;
		};
/* End PBXFrameworksBuildPhase section */

/* Begin PBXGroup section */
		5F1C55431D37242600B08D4D /* Mode */ = {
			isa = PBXGroup;
			children = (
			);
			name = Mode;
			sourceTree = "<group>";
		};
		5F1C55441D37243500B08D4D /* View */ = {
			isa = PBXGroup;
			children = (
			);
			name = View;
			sourceTree = "<group>";
		};
		5F1C55461D37247000B08D4D /* Controller */ = {
			isa = PBXGroup;
			children = (
				5F1C55471D37276D00B08D4D /* MapViewController.h */,
				5F1C55481D37276D00B08D4D /* MapViewController.mm */,
			);
			name = Controller;
			sourceTree = "<group>";
		};
		5F1C554A1D37336A00B08D4D /* Controller */ = {
			isa = PBXGroup;
			children = (
				5F1C554D1D37339F00B08D4D /* DetailViewController.h */,
				5F1C554E1D37339F00B08D4D /* DetailViewController.m */,
			);
			name = Controller;
			sourceTree = "<group>";
		};
		5F1C554B1D37337700B08D4D /* View */ = {
			isa = PBXGroup;
			children = (
				F1DC9E841D37603800C1ADA8 /* DetailUIView.h */,
				F1DC9E851D37603800C1ADA8 /* DetailUIView.m */,
			);
			name = View;
			sourceTree = "<group>";
		};
		5F1C554C1D37338100B08D4D /* Mode */ = {
			isa = PBXGroup;
			children = (
				F1DC9E811D375E7500C1ADA8 /* Detail.h */,
				F1DC9E821D375E7500C1ADA8 /* Detail.m */,
			);
			name = Mode;
			sourceTree = "<group>";
		};
		5FC174521D39DDB400365D25 /* SDCycleScrollView */ = {
			isa = PBXGroup;
			children = (
				5FC174531D39DDB400365D25 /* PageControl */,
				5FC1745C1D39DDB400365D25 /* SDCollectionViewCell.h */,
				5FC1745D1D39DDB400365D25 /* SDCollectionViewCell.m */,
				5FC174AF1D39E0D700365D25 /* SDCycleScrollView.h */,
				5FC174B01D39E0D700365D25 /* SDCycleScrollView.m */,
				5FC174601D39DDB400365D25 /* UIView+SDExtension.h */,
				5FC174611D39DDB400365D25 /* UIView+SDExtension.m */,
			);
			path = SDCycleScrollView;
			sourceTree = "<group>";
		};
		5FC174531D39DDB400365D25 /* PageControl */ = {
			isa = PBXGroup;
			children = (
				5FC174541D39DDB400365D25 /* TAAbstractDotView.h */,
				5FC174551D39DDB400365D25 /* TAAbstractDotView.m */,
				5FC174561D39DDB400365D25 /* TAAnimatedDotView.h */,
				5FC174571D39DDB400365D25 /* TAAnimatedDotView.m */,
				5FC174581D39DDB400365D25 /* TADotView.h */,
				5FC174591D39DDB400365D25 /* TADotView.m */,
				5FC1745A1D39DDB400365D25 /* TAPageControl.h */,
				5FC1745B1D39DDB400365D25 /* TAPageControl.m */,
			);
			path = PageControl;
			sourceTree = "<group>";
		};
		5FC1747D1D39DF0100365D25 /* SDWebImage */ = {
			isa = PBXGroup;
			children = (
				5FC1747E1D39DF0100365D25 /* MKAnnotationView+WebCache.h */,
				5FC1747F1D39DF0100365D25 /* MKAnnotationView+WebCache.m */,
				5FC174801D39DF0100365D25 /* NSData+ImageContentType.h */,
				5FC174811D39DF0100365D25 /* NSData+ImageContentType.m */,
				5FC174821D39DF0100365D25 /* SDImageCache.h */,
				5FC174831D39DF0100365D25 /* SDImageCache.m */,
				5FC174841D39DF0100365D25 /* SDWebImageCompat.h */,
				5FC174851D39DF0100365D25 /* SDWebImageCompat.m */,
				5FC174861D39DF0100365D25 /* SDWebImageDecoder.h */,
				5FC174871D39DF0100365D25 /* SDWebImageDecoder.m */,
				5FC174881D39DF0100365D25 /* SDWebImageDownloader.h */,
				5FC174891D39DF0100365D25 /* SDWebImageDownloader.m */,
				5FC1748A1D39DF0100365D25 /* SDWebImageDownloaderOperation.h */,
				5FC1748B1D39DF0100365D25 /* SDWebImageDownloaderOperation.m */,
				5FC1748C1D39DF0100365D25 /* SDWebImageManager.h */,
				5FC1748D1D39DF0100365D25 /* SDWebImageManager.m */,
				5FC1748E1D39DF0100365D25 /* SDWebImageOperation.h */,
				5FC1748F1D39DF0100365D25 /* SDWebImagePrefetcher.h */,
				5FC174901D39DF0100365D25 /* SDWebImagePrefetcher.m */,
				5FC174911D39DF0100365D25 /* UIButton+WebCache.h */,
				5FC174921D39DF0100365D25 /* UIButton+WebCache.m */,
				5FC174931D39DF0100365D25 /* UIImage+GIF.h */,
				5FC174941D39DF0100365D25 /* UIImage+GIF.m */,
				5FC174951D39DF0100365D25 /* UIImage+MultiFormat.h */,
				5FC174961D39DF0100365D25 /* UIImage+MultiFormat.m */,
				5FC174971D39DF0100365D25 /* UIImage+WebP.h */,
				5FC174981D39DF0100365D25 /* UIImage+WebP.m */,
				5FC174991D39DF0100365D25 /* UIImageView+HighlightedWebCache.h */,
				5FC1749A1D39DF0100365D25 /* UIImageView+HighlightedWebCache.m */,
				5FC1749B1D39DF0100365D25 /* UIImageView+WebCache.h */,
				5FC1749C1D39DF0100365D25 /* UIImageView+WebCache.m */,
				5FC1749D1D39DF0100365D25 /* UIView+WebCacheOperation.h */,
				5FC1749E1D39DF0100365D25 /* UIView+WebCacheOperation.m */,
			);
			path = SDWebImage;
			sourceTree = "<group>";
		};
		F11B67A01D3619DB0065E7CD = {
			isa = PBXGroup;
			children = (
				F17A93A21D39171B0076D6C2 /* test.gpx */,
				F11B67AB1D3619DB0065E7CD /* IntelligentTouristGuide */,
				F11B67AA1D3619DB0065E7CD /* Products */,
			);
			sourceTree = "<group>";
		};
		F11B67AA1D3619DB0065E7CD /* Products */ = {
			isa = PBXGroup;
			children = (
				F11B67A91D3619DB0065E7CD /* IntelligentTouristGuide.app */,
			);
			name = Products;
			sourceTree = "<group>";
		};
		F11B67AB1D3619DB0065E7CD /* IntelligentTouristGuide */ = {
			isa = PBXGroup;
			children = (
				F11B67AF1D3619DB0065E7CD /* AppDelegate.h */,
				F11B67B01D3619DB0065E7CD /* AppDelegate.mm */,
				F1C97C1E1D3A1D790006B637 /* DataSingleton.h */,
				F1C97C1F1D3A1D790006B637 /* DataSingleton.m */,
				F11B67CA1D361ADE0065E7CD /* Other */,
				F11B67C91D361AD40065E7CD /* Setting */,
				F11B67C81D361AC60065E7CD /* Detail */,
				F11B67C71D361ABB0065E7CD /* Map */,
				F11B67C61D361A8E0065E7CD /* Home */,
				F11B67C41D361A770065E7CD /* Base */,
				F11B67B81D3619DB0065E7CD /* Assets.xcassets */,
				F11B67BA1D3619DB0065E7CD /* LaunchScreen.storyboard */,
				F11B67BD1D3619DB0065E7CD /* Info.plist */,
				F11B67AC1D3619DB0065E7CD /* Supporting Files */,
			);
			path = IntelligentTouristGuide;
			sourceTree = "<group>";
		};
		F11B67AC1D3619DB0065E7CD /* Supporting Files */ = {
			isa = PBXGroup;
			children = (
				F11B67AD1D3619DB0065E7CD /* main.m */,
				F11B67DE1D3641B50065E7CD /* image */,
			);
			name = "Supporting Files";
			sourceTree = "<group>";
		};
		F11B67C41D361A770065E7CD /* Base */ = {
			isa = PBXGroup;
			children = (
				5F5030EC1D3B4D7200ACE15D /* PcmPlayer.h */,
				5F5030ED1D3B4D7200ACE15D /* PcmPlayer.m */,
				5F5030EE1D3B4D7200ACE15D /* PcmPlayerDelegate.h */,
				5F5030EF1D3B4D7200ACE15D /* PopupView.h */,
				5F5030F01D3B4D7200ACE15D /* PopupView.m */,
				F11B67CD1D361B2C0065E7CD /* BaseViewController.h */,
				F11B67CE1D361B2C0065E7CD /* BaseViewController.m */,
				F11B67D31D361B9D0065E7CD /* BaseNavigationViewController.h */,
				F11B67D41D361B9D0065E7CD /* BaseNavigationViewController.m */,
				F11B67D61D361BE80065E7CD /* CustomNavigationBar.h */,
				F11B67D71D361BE80065E7CD /* CustomNavigationBar.m */,
				5F5030F71D3B4E9000ACE15D /* AlertView.h */,
				5F5030F81D3B4E9000ACE15D /* AlertView.m */,
			);
			name = Base;
			sourceTree = "<group>";
		};
		F11B67C61D361A8E0065E7CD /* Home */ = {
			isa = PBXGroup;
			children = (
				F11B67EA1D365B3A0065E7CD /* Mode */,
				F11B67EB1D365B5A0065E7CD /* View */,
				F11B67CC1D361B050065E7CD /* Controller */,
			);
			name = Home;
			sourceTree = "<group>";
		};
		F11B67C71D361ABB0065E7CD /* Map */ = {
			isa = PBXGroup;
			children = (
				5F1C55431D37242600B08D4D /* Mode */,
				5F1C55441D37243500B08D4D /* View */,
				5F1C55461D37247000B08D4D /* Controller */,
			);
			name = Map;
			sourceTree = "<group>";
		};
		F11B67C81D361AC60065E7CD /* Detail */ = {
			isa = PBXGroup;
			children = (
				5F1C554C1D37338100B08D4D /* Mode */,
				5F1C554B1D37337700B08D4D /* View */,
				5F1C554A1D37336A00B08D4D /* Controller */,
			);
			name = Detail;
			sourceTree = "<group>";
		};
		F11B67C91D361AD40065E7CD /* Setting */ = {
			isa = PBXGroup;
			children = (
				F1DC9E891D377D4700C1ADA8 /* Model */,
				F1DC9E881D377D3F00C1ADA8 /* View */,
				F1DC9E871D377D3000C1ADA8 /* Controller */,
			);
			name = Setting;
			sourceTree = "<group>";
		};
		F11B67CA1D361ADE0065E7CD /* Other */ = {
			isa = PBXGroup;
			children = (
				5FC1747D1D39DF0100365D25 /* SDWebImage */,
				5FC174521D39DDB400365D25 /* SDCycleScrollView */,
				F1DC9EB51D379DA600C1ADA8 /* mapapi.bundle */,
				F1DC9EB31D379BD400C1ADA8 /* libstdc++.6.0.9.tbd */,
				F1DC9EB11D379BC900C1ADA8 /* CoreTelephony.framework */,
				F1DC9EAF1D379BBC00C1ADA8 /* libsqlite3.0.tbd */,
				F16C73B21D3A407C0070EFD7 /* UIKit.framework */,
				F16C73B01D3A40710070EFD7 /* AudioToolbox.framework */,
				F16C73AE1D3A40500070EFD7 /* Foundation.framework */,
				F16C73AC1D3A402E0070EFD7 /* AVFoundation.framework */,
				F16C73AA1D3A40250070EFD7 /* libz.tbd */,
				F16C73A81D3A40070070EFD7 /* iflyMSC.framework */,
				F1E045CE1D38FEA400C15274 /* AddressBook.framework */,
				F1E045D01D38FEAC00C15274 /* AddressBookUI.framework */,
				F1DC9EAD1D379BAC00C1ADA8 /* Security.framework */,
				F1DC9EAB1D379BA200C1ADA8 /* CoreGraphics.framework */,
				F1DC9EA91D379B9800C1ADA8 /* SystemConfiguration.framework */,
				F1DC9EA71D379B8800C1ADA8 /* OpenGLES.framework */,
				F1DC9EA51D379B7E00C1ADA8 /* QuartzCore.framework */,
				F1DC9EA31D379B7400C1ADA8 /* CoreLocation.framework */,
				F1DC9E971D379B2600C1ADA8 /* BaiduMapAPI_Cloud.framework */,
				F1DC9E981D379B2600C1ADA8 /* BaiduMapAPI_Location.framework */,
				F1DC9E991D379B2600C1ADA8 /* BaiduMapAPI_Map.framework */,
				F1DC9E9A1D379B2600C1ADA8 /* BaiduMapAPI_Radar.framework */,
				F1DC9E9B1D379B2600C1ADA8 /* BaiduMapAPI_Search.framework */,
				F1DC9E9C1D379B2600C1ADA8 /* BaiduMapAPI_Utils.framework */,
				F1DC9E951D379B1200C1ADA8 /* BaiduMapAPI_Base.framework */,
			);
			name = Other;
			sourceTree = "<group>";
		};
		F11B67CC1D361B050065E7CD /* Controller */ = {
			isa = PBXGroup;
			children = (
				F11B67D91D361EE90065E7CD /* HomeViewController.h */,
				F11B67DA1D361EE90065E7CD /* HomeViewController.m */,
			);
			name = Controller;
			sourceTree = "<group>";
		};
		F11B67DE1D3641B50065E7CD /* image */ = {
			isa = PBXGroup;
			children = (
				5F12438D1D3C827800477E00 /* 卧龙海2.jpeg */,
				5F12438E1D3C827800477E00 /* 卧龙海3.jpeg */,
				5F12438F1D3C827800477E00 /* 卧龙海4.jpeg */,
				5F1243931D3C850B00477E00 /* 箭竹海2.jpeg */,
				5F1243941D3C850B00477E00 /* 箭竹海3.jpeg */,
				5F1243951D3C850B00477E00 /* 箭竹海4.jpeg */,
				5F1243991D3C857900477E00 /* 芦苇海2.jpeg */,
				5F12439A1D3C857900477E00 /* 芦苇海3.jpeg */,
				5F12439D1D3C860200477E00 /* 双龙海2.jpeg */,
				5F12439E1D3C860200477E00 /* 双龙海3.jpeg */,
				5F12439F1D3C860200477E00 /* 双龙海4.jpeg */,
				5FC1747B1D39DEBA00365D25 /* h1.jpg */,
				5FC174691D39DEB100365D25 /* 005.jpg */,
				5FC1746A1D39DEB100365D25 /* h2.jpg */,
				5FC1746B1D39DEB100365D25 /* h3.jpg */,
				5FC1746C1D39DEB100365D25 /* h4.jpg */,
				5FC1746D1D39DEB100365D25 /* pageControlCurrentDot@2x.png */,
				5FC1746E1D39DEB100365D25 /* pageControlCurrentDot@3x.png */,
				5FC1746F1D39DEB100365D25 /* pageControlDot@2x.png */,
				5FC174701D39DEB100365D25 /* pageControlDot@3x.png */,
				5FC174711D39DEB100365D25 /* placeholder@2x.png */,
				5F6AE6B31D37582E00B9BAC1 /* 卧龙海.jpeg */,
				5F6AE6B51D37583700B9BAC1 /* 箭竹海.jpg */,
				5F6AE6B71D37583D00B9BAC1 /* 双龙海.jpg */,
				5F6AE6B91D37584500B9BAC1 /* 芦苇海.jpg */,
				F1DC9E931D378BBF00C1ADA8 /* 语音.ico */,
				F11B67DC1D3631F70065E7CD /* LOGO.png */,
				F11B67E51D3643800065E7CD /* homeNabigationLeftIcon.ico */,
				F11B67E71D36444F0065E7CD /* homeNabigationRightIcon.ico */,
			);
			name = image;
			sourceTree = "<group>";
		};
		F11B67EA1D365B3A0065E7CD /* Mode */ = {
			isa = PBXGroup;
			children = (
				F1D5A41C1D366A3A00F48A48 /* Location.h */,
				F1D5A41D1D366A3A00F48A48 /* Location.mm */,
			);
			name = Mode;
			sourceTree = "<group>";
		};
		F11B67EB1D365B5A0065E7CD /* View */ = {
			isa = PBXGroup;
			children = (
				F1D5A4171D3668F900F48A48 /* LocationInfoCell.h */,
				F1D5A4181D3668F900F48A48 /* LocationInfoCell.m */,
				F1D5A4191D3668F900F48A48 /* LocationInfoCell.xib */,
			);
			name = View;
			sourceTree = "<group>";
		};
		F1DC9E871D377D3000C1ADA8 /* Controller */ = {
			isa = PBXGroup;
			children = (
				F1DC9E8A1D377D8B00C1ADA8 /* SetingViewController.h */,
				F1DC9E8B1D377D8B00C1ADA8 /* SetingViewController.m */,
				F1DC9E8D1D3783CB00C1ADA8 /* SetingSubViewController.h */,
				F1DC9E8E1D3783CB00C1ADA8 /* SetingSubViewController.m */,
				F1DC9E901D3783DD00C1ADA8 /* SetingAboutViewController.h */,
				F1DC9E911D3783DD00C1ADA8 /* SetingAboutViewController.m */,
			);
			name = Controller;
			sourceTree = "<group>";
		};
		F1DC9E881D377D3F00C1ADA8 /* View */ = {
			isa = PBXGroup;
			children = (
			);
			name = View;
			sourceTree = "<group>";
		};
		F1DC9E891D377D4700C1ADA8 /* Model */ = {
			isa = PBXGroup;
			children = (
			);
			name = Model;
			sourceTree = "<group>";
		};
/* End PBXGroup section */

/* Begin PBXNativeTarget section */
		F11B67A81D3619DB0065E7CD /* IntelligentTouristGuide */ = {
			isa = PBXNativeTarget;
			buildConfigurationList = F11B67C01D3619DB0065E7CD /* Build configuration list for PBXNativeTarget "IntelligentTouristGuide" */;
			buildPhases = (
				F11B67A51D3619DB0065E7CD /* Sources */,
				F11B67A61D3619DB0065E7CD /* Frameworks */,
				F11B67A71D3619DB0065E7CD /* Resources */,
			);
			buildRules = (
			);
			dependencies = (
			);
			name = IntelligentTouristGuide;
			productName = IntelligentTouristGuide;
			productReference = F11B67A91D3619DB0065E7CD /* IntelligentTouristGuide.app */;
			productType = "com.apple.product-type.application";
		};
/* End PBXNativeTarget section */

/* Begin PBXProject section */
		F11B67A11D3619DB0065E7CD /* Project object */ = {
			isa = PBXProject;
			attributes = {
				LastUpgradeCheck = 0700;
				ORGANIZATIONNAME = MuChen;
				TargetAttributes = {
					F11B67A81D3619DB0065E7CD = {
						CreatedOnToolsVersion = 7.0.1;
					};
				};
			};
			buildConfigurationList = F11B67A41D3619DB0065E7CD /* Build configuration list for PBXProject "IntelligentTouristGuide" */;
			compatibilityVersion = "Xcode 3.2";
			developmentRegion = English;
			hasScannedForEncodings = 0;
			knownRegions = (
				en,
				Base,
			);
			mainGroup = F11B67A01D3619DB0065E7CD;
			productRefGroup = F11B67AA1D3619DB0065E7CD /* Products */;
			projectDirPath = "";
			projectRoot = "";
			targets = (
				F11B67A81D3619DB0065E7CD /* IntelligentTouristGuide */,
			);
		};
/* End PBXProject section */

/* Begin PBXResourcesBuildPhase section */
		F11B67A71D3619DB0065E7CD /* Resources */ = {
			isa = PBXResourcesBuildPhase;
			buildActionMask = 2147483647;
			files = (
				5FC174741D39DEB100365D25 /* h3.jpg in Resources */,
				5F12439C1D3C857900477E00 /* 芦苇海3.jpeg in Resources */,
				5F1243981D3C850B00477E00 /* 箭竹海4.jpeg in Resources */,
				5FC174761D39DEB100365D25 /* pageControlCurrentDot@2x.png in Resources */,
				5FC174731D39DEB100365D25 /* h2.jpg in Resources */,
				5FC174781D39DEB100365D25 /* pageControlDot@2x.png in Resources */,
				F11B67E61D3643800065E7CD /* homeNabigationLeftIcon.ico in Resources */,
				5F6AE6B41D37582E00B9BAC1 /* 卧龙海.jpeg in Resources */,
				5F6AE6BA1D37584500B9BAC1 /* 芦苇海.jpg in Resources */,
				F11B67DD1D3631F70065E7CD /* LOGO.png in Resources */,
				5F1243961D3C850B00477E00 /* 箭竹海2.jpeg in Resources */,
				5F1243A01D3C860200477E00 /* 双龙海2.jpeg in Resources */,
				5F1243911D3C827800477E00 /* 卧龙海3.jpeg in Resources */,
				5F1243A21D3C860200477E00 /* 双龙海4.jpeg in Resources */,
				F1DC9E941D378BBF00C1ADA8 /* 语音.ico in Resources */,
				5F1243921D3C827800477E00 /* 卧龙海4.jpeg in Resources */,
				5F6AE6B61D37583700B9BAC1 /* 箭竹海.jpg in Resources */,
				F1D5A41B1D3668F900F48A48 /* LocationInfoCell.xib in Resources */,
				5F1243A11D3C860200477E00 /* 双龙海3.jpeg in Resources */,
				F17A93A31D39171B0076D6C2 /* test.gpx in Resources */,
				5FC1747A1D39DEB100365D25 /* placeholder@2x.png in Resources */,
				F11B67E81D36444F0065E7CD /* homeNabigationRightIcon.ico in Resources */,
				5FC174771D39DEB100365D25 /* pageControlCurrentDot@3x.png in Resources */,
				5F6AE6B81D37583D00B9BAC1 /* 双龙海.jpg in Resources */,
				5FC174791D39DEB100365D25 /* pageControlDot@3x.png in Resources */,
				F1DC9EB61D379DA600C1ADA8 /* mapapi.bundle in Resources */,
				5F1243971D3C850B00477E00 /* 箭竹海3.jpeg in Resources */,
				F11B67BC1D3619DB0065E7CD /* LaunchScreen.storyboard in Resources */,
				F11B67B91D3619DB0065E7CD /* Assets.xcassets in Resources */,
				5FC1747C1D39DEBA00365D25 /* h1.jpg in Resources */,
				5FC174751D39DEB100365D25 /* h4.jpg in Resources */,
				5F1243901D3C827800477E00 /* 卧龙海2.jpeg in Resources */,
				5FC174721D39DEB100365D25 /* 005.jpg in Resources */,
				5F12439B1D3C857900477E00 /* 芦苇海2.jpeg in Resources */,
			);
			runOnlyForDeploymentPostprocessing = 0;
		};
/* End PBXResourcesBuildPhase section */

/* Begin PBXSourcesBuildPhase section */
		F11B67A51D3619DB0065E7CD /* Sources */ = {
			isa = PBXSourcesBuildPhase;
			buildActionMask = 2147483647;
			files = (
				5FC174A91D39DF0100365D25 /* UIImage+GIF.m in Sources */,
				F11B67B11D3619DB0065E7CD /* AppDelegate.mm in Sources */,
				5FC174641D39DDB400365D25 /* TADotView.m in Sources */,
				F1DC9E861D37603800C1ADA8 /* DetailUIView.m in Sources */,
				5FC174661D39DDB400365D25 /* SDCollectionViewCell.m in Sources */,
				5FC174A81D39DF0100365D25 /* UIButton+WebCache.m in Sources */,
				F11B67CF1D361B2C0065E7CD /* BaseViewController.m in Sources */,
				5FC174B11D39E0D700365D25 /* SDCycleScrollView.m in Sources */,
				5FC174AA1D39DF0100365D25 /* UIImage+MultiFormat.m in Sources */,
				5F5030F31D3B4D7200ACE15D /* PopupView.m in Sources */,
				F1D5A41A1D3668F900F48A48 /* LocationInfoCell.m in Sources */,
				5FC174A31D39DF0100365D25 /* SDWebImageDecoder.m in Sources */,
				5F1C55491D37276D00B08D4D /* MapViewController.mm in Sources */,
				5FC174AD1D39DF0100365D25 /* UIImageView+WebCache.m in Sources */,
				F1C97C201D3A1D790006B637 /* DataSingleton.m in Sources */,
				5F5030F91D3B4E9000ACE15D /* AlertView.m in Sources */,
				5FC174631D39DDB400365D25 /* TAAnimatedDotView.m in Sources */,
				F1DC9E8F1D3783CB00C1ADA8 /* SetingSubViewController.m in Sources */,
				5FC174A01D39DF0100365D25 /* NSData+ImageContentType.m in Sources */,
				5FC174A41D39DF0100365D25 /* SDWebImageDownloader.m in Sources */,
				F11B67D81D361BE80065E7CD /* CustomNavigationBar.m in Sources */,
				5F1C554F1D37339F00B08D4D /* DetailViewController.m in Sources */,
				5FC174AC1D39DF0100365D25 /* UIImageView+HighlightedWebCache.m in Sources */,
				F1DC9E8C1D377D8B00C1ADA8 /* SetingViewController.m in Sources */,
				5FC174621D39DDB400365D25 /* TAAbstractDotView.m in Sources */,
				5F5030F21D3B4D7200ACE15D /* PcmPlayer.m in Sources */,
				F11B67AE1D3619DB0065E7CD /* main.m in Sources */,
				5FC174681D39DDB400365D25 /* UIView+SDExtension.m in Sources */,
				5FC174AE1D39DF0100365D25 /* UIView+WebCacheOperation.m in Sources */,
				5FC174A21D39DF0100365D25 /* SDWebImageCompat.m in Sources */,
				5FC174651D39DDB400365D25 /* TAPageControl.m in Sources */,
				5FC1749F1D39DF0100365D25 /* MKAnnotationView+WebCache.m in Sources */,
				F11B67D51D361B9D0065E7CD /* BaseNavigationViewController.m in Sources */,
				F1D5A41E1D366A3A00F48A48 /* Location.mm in Sources */,
				5FC174A71D39DF0100365D25 /* SDWebImagePrefetcher.m in Sources */,
				F1DC9E831D375E7500C1ADA8 /* Detail.m in Sources */,
				5FC174A51D39DF0100365D25 /* SDWebImageDownloaderOperation.m in Sources */,
				F1DC9E921D3783DD00C1ADA8 /* SetingAboutViewController.m in Sources */,
				5FC174A61D39DF0100365D25 /* SDWebImageManager.m in Sources */,
				5FC174AB1D39DF0100365D25 /* UIImage+WebP.m in Sources */,
				F11B67DB1D361EE90065E7CD /* HomeViewController.m in Sources */,
				5FC174A11D39DF0100365D25 /* SDImageCache.m in Sources */,
			);
			runOnlyForDeploymentPostprocessing = 0;
		};
/* End PBXSourcesBuildPhase section */

/* Begin PBXVariantGroup section */
		F11B67BA1D3619DB0065E7CD /* LaunchScreen.storyboard */ = {
			isa = PBXVariantGroup;
			children = (
				F11B67BB1D3619DB0065E7CD /* Base */,
			);
			name = LaunchScreen.storyboard;
			sourceTree = "<group>";
		};
/* End PBXVariantGroup section */

/* Begin XCBuildConfiguration section */
		F11B67BE1D3619DB0065E7CD /* Debug */ = {
			isa = XCBuildConfiguration;
			buildSettings = {
				ALWAYS_SEARCH_USER_PATHS = NO;
				CLANG_CXX_LANGUAGE_STANDARD = "gnu++0x";
				CLANG_CXX_LIBRARY = "libc++";
				CLANG_ENABLE_MODULES = YES;
				CLANG_ENABLE_OBJC_ARC = YES;
				CLANG_WARN_BOOL_CONVERSION = YES;
				CLANG_WARN_CONSTANT_CONVERSION = YES;
				CLANG_WARN_DIRECT_OBJC_ISA_USAGE = YES_ERROR;
				CLANG_WARN_EMPTY_BODY = YES;
				CLANG_WARN_ENUM_CONVERSION = YES;
				CLANG_WARN_INT_CONVERSION = YES;
				CLANG_WARN_OBJC_ROOT_CLASS = YES_ERROR;
				CLANG_WARN_UNREACHABLE_CODE = YES;
				CLANG_WARN__DUPLICATE_METHOD_MATCH = YES;
				"CODE_SIGN_IDENTITY[sdk=iphoneos*]" = "iPhone Developer";
				COPY_PHASE_STRIP = NO;
				DEBUG_INFORMATION_FORMAT = dwarf;
				ENABLE_STRICT_OBJC_MSGSEND = YES;
				ENABLE_TESTABILITY = YES;
				GCC_C_LANGUAGE_STANDARD = gnu99;
				GCC_DYNAMIC_NO_PIC = NO;
				GCC_NO_COMMON_BLOCKS = YES;
				GCC_OPTIMIZATION_LEVEL = 0;
				GCC_PREPROCESSOR_DEFINITIONS = (
					"DEBUG=1",
					"$(inherited)",
				);
				GCC_WARN_64_TO_32_BIT_CONVERSION = YES;
				GCC_WARN_ABOUT_RETURN_TYPE = YES_ERROR;
				GCC_WARN_UNDECLARED_SELECTOR = YES;
				GCC_WARN_UNINITIALIZED_AUTOS = YES_AGGRESSIVE;
				GCC_WARN_UNUSED_FUNCTION = YES;
				GCC_WARN_UNUSED_VARIABLE = YES;
				IPHONEOS_DEPLOYMENT_TARGET = 9.0;
				MTL_ENABLE_DEBUG_INFO = YES;
				ONLY_ACTIVE_ARCH = YES;
				"OTHER_LDFLAGS[arch=*]" = "-ObjC";
				SDKROOT = iphoneos;
			};
			name = Debug;
		};
		F11B67BF1D3619DB0065E7CD /* Release */ = {
			isa = XCBuildConfiguration;
			buildSettings = {
				ALWAYS_SEARCH_USER_PATHS = NO;
				CLANG_CXX_LANGUAGE_STANDARD = "gnu++0x";
				CLANG_CXX_LIBRARY = "libc++";
				CLANG_ENABLE_MODULES = YES;
				CLANG_ENABLE_OBJC_ARC = YES;
				CLANG_WARN_BOOL_CONVERSION = YES;
				CLANG_WARN_CONSTANT_CONVERSION = YES;
				CLANG_WARN_DIRECT_OBJC_ISA_USAGE = YES_ERROR;
				CLANG_WARN_EMPTY_BODY = YES;
				CLANG_WARN_ENUM_CONVERSION = YES;
				CLANG_WARN_INT_CONVERSION = YES;
				CLANG_WARN_OBJC_ROOT_CLASS = YES_ERROR;
				CLANG_WARN_UNREACHABLE_CODE = YES;
				CLANG_WARN__DUPLICATE_METHOD_MATCH = YES;
				"CODE_SIGN_IDENTITY[sdk=iphoneos*]" = "iPhone Developer";
				COPY_PHASE_STRIP = NO;
				DEBUG_INFORMATION_FORMAT = "dwarf-with-dsym";
				ENABLE_NS_ASSERTIONS = NO;
				ENABLE_STRICT_OBJC_MSGSEND = YES;
				GCC_C_LANGUAGE_STANDARD = gnu99;
				GCC_NO_COMMON_BLOCKS = YES;
				GCC_WARN_64_TO_32_BIT_CONVERSION = YES;
				GCC_WARN_ABOUT_RETURN_TYPE = YES_ERROR;
				GCC_WARN_UNDECLARED_SELECTOR = YES;
				GCC_WARN_UNINITIALIZED_AUTOS = YES_AGGRESSIVE;
				GCC_WARN_UNUSED_FUNCTION = YES;
				GCC_WARN_UNUSED_VARIABLE = YES;
				IPHONEOS_DEPLOYMENT_TARGET = 9.0;
				MTL_ENABLE_DEBUG_INFO = NO;
				"OTHER_LDFLAGS[arch=*]" = "-ObjC";
				SDKROOT = iphoneos;
				VALIDATE_PRODUCT = YES;
			};
			name = Release;
		};
		F11B67C11D3619DB0065E7CD /* Debug */ = {
			isa = XCBuildConfiguration;
			buildSettings = {
				ASSETCATALOG_COMPILER_APPICON_NAME = AppIcon;
				ENABLE_BITCODE = NO;
				FRAMEWORK_SEARCH_PATHS = (
					"$(inherited)",
					"$(PROJECT_DIR)/IntelligentTouristGuide",
				);
				INFOPLIST_FILE = IntelligentTouristGuide/Info.plist;
				LD_RUNPATH_SEARCH_PATHS = "$(inherited) @executable_path/Frameworks";
				PRODUCT_BUNDLE_IDENTIFIER = com.MuChen.IntelligentTouristGuide;
				PRODUCT_NAME = "$(TARGET_NAME)";
			};
			name = Debug;
		};
		F11B67C21D3619DB0065E7CD /* Release */ = {
			isa = XCBuildConfiguration;
			buildSettings = {
				ASSETCATALOG_COMPILER_APPICON_NAME = AppIcon;
				ENABLE_BITCODE = NO;
				FRAMEWORK_SEARCH_PATHS = (
					"$(inherited)",
					"$(PROJECT_DIR)/IntelligentTouristGuide",
				);
				INFOPLIST_FILE = IntelligentTouristGuide/Info.plist;
				LD_RUNPATH_SEARCH_PATHS = "$(inherited) @executable_path/Frameworks";
				PRODUCT_BUNDLE_IDENTIFIER = com.MuChen.IntelligentTouristGuide;
				PRODUCT_NAME = "$(TARGET_NAME)";
			};
			name = Release;
		};
/* End XCBuildConfiguration section */

/* Begin XCConfigurationList section */
		F11B67A41D3619DB0065E7CD /* Build configuration list for PBXProject "IntelligentTouristGuide" */ = {
			isa = XCConfigurationList;
			buildConfigurations = (
				F11B67BE1D3619DB0065E7CD /* Debug */,
				F11B67BF1D3619DB0065E7CD /* Release */,
			);
			defaultConfigurationIsVisible = 0;
			defaultConfigurationName = Release;
		};
		F11B67C01D3619DB0065E7CD /* Build configuration list for PBXNativeTarget "IntelligentTouristGuide" */ = {
			isa = XCConfigurationList;
			buildConfigurations = (
				F11B67C11D3619DB0065E7CD /* Debug */,
				F11B67C21D3619DB0065E7CD /* Release */,
			);
			defaultConfigurationIsVisible = 0;
			defaultConfigurationName = Release;
		};
/* End XCConfigurationList section */
	};
	rootObject = F11B67A11D3619DB0065E7CD /* Project object */;
}
